
Microsoft Visual Studio Solution File, Format Version 12.00
# Visual Studio Version 16
VisualStudioVersion = 16.0.31729.503
MinimumVisualStudioVersion = 10.0.40219.1
Project("{FAE04EC0-301F-11D3-BF4B-00C04F79EFBC}") = "ConversorDeArquivo", "ConversorDeArquivo\ConversorDeArquivo.csproj", "{97F7FA9D-63EB-4162-9180-30549623D377}"
EndProject
Global
	GlobalSection(SolutionConfigurationPlatforms) = preSolution
		Debug|Any CPU = Debug|Any CPU
		Release|Any CPU = Release|Any CPU
	EndGlobalSection
	GlobalSection(ProjectConfigurationPlatforms) = postSolution
		{97F7FA9D-63EB-4162-9180-30549623D377}.Debug|Any CPU.ActiveCfg = Debug|Any CPU
		{97F7FA9D-63EB-4162-9180-30549623D377}.Debug|Any CPU.Build.0 = Debug|Any CPU
		{97F7FA9D-63EB-4162-9180-30549623D377}.Release|Any CPU.ActiveCfg = Release|Any CPU
		{97F7FA9D-63EB-4162-9180-30549623D377}.Release|Any CPU.Build.0 = Release|Any CPU
	EndGlobalSection
	GlobalSection(SolutionProperties) = preSolution
		HideSolutionNode = FALSE
	EndGlobalSection
	GlobalSection(ExtensibilityGlobals) = postSolution
		SolutionGuid = {6C2C4843-7397-483B-9886-D45D4AB7B9BD}
	EndGlobalSection
EndGlobal
